
Microsoft Visual Studio Solution File, Format Version 12.00
# Visual Studio Version 17
VisualStudioVersion = 17.12.35209.166
MinimumVisualStudioVersion = 10.0.40219.1
Project("{FAE04EC0-301F-11D3-BF4B-00C04F79EFBC}") = "RouteDurationAPI", "RouteDurationAPI\RouteDurationAPI.csproj", "{26A044DA-DA1E-453E-AF1D-CA6A50DBF801}"
EndProject
Global
	GlobalSection(SolutionConfigurationPlatforms) = preSolution
		Debug|Any CPU = Debug|Any CPU
		Release|Any CPU = Release|Any CPU
	EndGlobalSection
	GlobalSection(ProjectConfigurationPlatforms) = postSolution
		{26A044DA-DA1E-453E-AF1D-CA6A50DBF801}.Debug|Any CPU.ActiveCfg = Debug|Any CPU
		{26A044DA-DA1E-453E-AF1D-CA6A50DBF801}.Debug|Any CPU.Build.0 = Debug|Any CPU
		{26A044DA-DA1E-453E-AF1D-CA6A50DBF801}.Release|Any CPU.ActiveCfg = Release|Any CPU
		{26A044DA-DA1E-453E-AF1D-CA6A50DBF801}.Release|Any CPU.Build.0 = Release|Any CPU
	EndGlobalSection
	GlobalSection(SolutionProperties) = preSolution
		HideSolutionNode = FALSE
	EndGlobalSection
	GlobalSection(ExtensibilityGlobals) = postSolution
		SolutionGuid = {972E703F-8C47-4227-9AEF-AB5DB8476694}
	EndGlobalSection
EndGlobal
